<Solution>
  <Project Path="Assembly-CSharp.csproj" />
  <Project Path="Gameplay.Areas.csproj" />
  <Project Path="Waves.Tests.csproj" />
  <Project Path="Assembly-CSharp-Editor.csproj" />
  <Project Path="Gameplay.Areas.Tests.csproj" />
  <Project Path="Player.Movement.Tests.csproj" />
  <Project Path="WorldRuntime.Tests.csproj" />
  <Project Path="Progression.Contracts.Tests.csproj" />
</Solution>
